
Microsoft Visual Studio Solution File, Format Version 12.00
# Visual Studio Version 16
VisualStudioVersion = 16.0.31321.278
MinimumVisualStudioVersion = 10.0.40219.1
Project("{FAE04EC0-301F-11D3-BF4B-00C04F79EFBC}") = "WebApi", "WebApi\WebApi.csproj", "{4313408E-B293-49EB-AA71-2C433CBD46CF}"
EndProject
Project("{FAE04EC0-301F-11D3-BF4B-00C04F79EFBC}") = "Services", "Services\Services.csproj", "{F7AC7B5E-2CFF-47C4-9877-AEAADFFBD7B6}"
EndProject
Global
	GlobalSection(SolutionConfigurationPlatforms) = preSolution
		Debug|Any CPU = Debug|Any CPU
		Release|Any CPU = Release|Any CPU
	EndGlobalSection
	GlobalSection(ProjectConfigurationPlatforms) = postSolution
		{4313408E-B293-49EB-AA71-2C433CBD46CF}.Debug|Any CPU.ActiveCfg = Debug|Any CPU
		{4313408E-B293-49EB-AA71-2C433CBD46CF}.Debug|Any CPU.Build.0 = Debug|Any CPU
		{4313408E-B293-49EB-AA71-2C433CBD46CF}.Release|Any CPU.ActiveCfg = Release|Any CPU
		{4313408E-B293-49EB-AA71-2C433CBD46CF}.Release|Any CPU.Build.0 = Release|Any CPU
		{F7AC7B5E-2CFF-47C4-9877-AEAADFFBD7B6}.Debug|Any CPU.ActiveCfg = Debug|Any CPU
		{F7AC7B5E-2CFF-47C4-9877-AEAADFFBD7B6}.Debug|Any CPU.Build.0 = Debug|Any CPU
		{F7AC7B5E-2CFF-47C4-9877-AEAADFFBD7B6}.Release|Any CPU.ActiveCfg = Release|Any CPU
		{F7AC7B5E-2CFF-47C4-9877-AEAADFFBD7B6}.Release|Any CPU.Build.0 = Release|Any CPU
	EndGlobalSection
	GlobalSection(SolutionProperties) = preSolution
		HideSolutionNode = FALSE
	EndGlobalSection
	GlobalSection(ExtensibilityGlobals) = postSolution
		SolutionGuid = {43740143-94DA-411F-A1D2-DAE0FA1DC0C3}
	EndGlobalSection
EndGlobal
